
Microsoft Visual Studio Solution File, Format Version 12.00
# Visual Studio Version 17
VisualStudioVersion = 17.5.33530.505
MinimumVisualStudioVersion = 10.0.40219.1
Project("{FAE04EC0-301F-11D3-BF4B-00C04F79EFBC}") = "Graphics_Engine", "Graphics_Engine.csproj", "{06575DC6-0D97-42A0-8F09-98F516CA9A7A}"
EndProject
Global
	GlobalSection(SolutionConfigurationPlatforms) = preSolution
		Debug|Any CPU = Debug|Any CPU
		Release|Any CPU = Release|Any CPU
	EndGlobalSection
	GlobalSection(ProjectConfigurationPlatforms) = postSolution
		{06575DC6-0D97-42A0-8F09-98F516CA9A7A}.Debug|Any CPU.ActiveCfg = Debug|Any CPU
		{06575DC6-0D97-42A0-8F09-98F516CA9A7A}.Debug|Any CPU.Build.0 = Debug|Any CPU
		{06575DC6-0D97-42A0-8F09-98F516CA9A7A}.Release|Any CPU.ActiveCfg = Release|Any CPU
		{06575DC6-0D97-42A0-8F09-98F516CA9A7A}.Release|Any CPU.Build.0 = Release|Any CPU
	EndGlobalSection
	GlobalSection(SolutionProperties) = preSolution
		HideSolutionNode = FALSE
	EndGlobalSection
	GlobalSection(ExtensibilityGlobals) = postSolution
		SolutionGuid = {3631C118-ABD6-4C0B-8DC3-7DEAD2590FA4}
	EndGlobalSection
EndGlobal
